// !$*UTF8*$!
{
	archiveVersion = 1;
	classes = {
	};
	objectVersion = 46;
	objects = {

/* Begin PBXBuildFile section */
		35CF45DA18019C5F006503A3 /* Foundation.framework in Frameworks */ = {isa = PBXBuildFile; fileRef = 35CF45D918019C5F006503A3 /* Foundation.framework */; };
		35CF45DD18019C5F006503A3 /* main.m in Sources */ = {isa = PBXBuildFile; fileRef = 35CF45DC18019C5F006503A3 /* main.m */; };
		35CF45E118019C5F006503A3 /* NS2CString.1 in CopyFiles */ = {isa = PBXBuildFile; fileRef = 35CF45E018019C5F006503A3 /* NS2CString.1 */; };
/* End PBXBuildFile section */

/* Begin PBXCopyFilesBuildPhase section */
		35CF45D418019C5F006503A3 /* CopyFiles */ = {
			isa = PBXCopyFilesBuildPhase;
			buildActionMask = 2147483647;
			dstPath = /usr/share/man/man1/;
			dstSubfolderSpec = 0;
			files = (
				35CF45E118019C5F006503A3 /* NS2CString.1 in CopyFiles */,
			);
			runOnlyForDeploymentPostprocessing = 1;
		};
/* End PBXCopyFilesBuildPhase section */

/* Begin PBXFileReference section */
		35CF45D618019C5F006503A3 /* NS2CString */ = {isa = PBXFileReference; explicitFileType = "compiled.mach-o.executable"; includeInIndex = 0; path = NS2CString; sourceTree = BUILT_PRODUCTS_DIR; };
		35CF45D918019C5F006503A3 /* Foundation.framework */ = {isa = PBXFileReference; lastKnownFileType = wrapper.framework; name = Foundation.framework; path = System/Library/Frameworks/Foundation.framework; sourceTree = SDKROOT; };
		35CF45DC18019C5F006503A3 /* main.m */ = {isa = PBXFileReference; lastKnownFileType = sourcecode.c.objc; path = main.m; sourceTree = "<group>"; };
		35CF45DF18019C5F006503A3 /* NS2CString-Prefix.pch */ = {isa = PBXFileReference; lastKnownFileType = sourcecode.c.h; path = "NS2CString-Prefix.pch"; sourceTree = "<group>"; };
		35CF45E018019C5F006503A3 /* NS2CString.1 */ = {isa = PBXFileReference; lastKnownFileType = text.man; path = NS2CString.1; sourceTree = "<group>"; };
/* End PBXFileReference section */

/* Begin PBXFrameworksBuildPhase section */
		35CF45D318019C5F006503A3 /* Frameworks */ = {
			isa = PBXFrameworksBuildPhase;
			buildActionMask = 2147483647;
			files = (
				35CF45DA18019C5F006503A3 /* Foundation.framework in Frameworks */,
			);
			runOnlyForDeploymentPostprocessing = 0;
		};
/* End PBXFrameworksBuildPhase section */

/* Begin PBXGroup section */
		35CF45CD18019C5F006503A3 = {
			isa = PBXGroup;
			children = (
				35CF45DB18019C5F006503A3 /* NS2CString */,
				35CF45D818019C5F006503A3 /* Frameworks */,
				35CF45D718019C5F006503A3 /* Products */,
			);
			sourceTree = "<group>";
		};
		35CF45D718019C5F006503A3 /* Products */ = {
			isa = PBXGroup;
			children = (
				35CF45D618019C5F006503A3 /* NS2CString */,
			);
			name = Products;
			sourceTree = "<group>";
		};
		35CF45D818019C5F006503A3 /* Frameworks */ = {
			isa = PBXGroup;
			children = (
				35CF45D918019C5F006503A3 /* Foundation.framework */,
			);
			name = Frameworks;
			sourceTree = "<group>";
		};
		35CF45DB18019C5F006503A3 /* NS2CString */ = {
			isa = PBXGroup;
			children = (
				35CF45DC18019C5F006503A3 /* main.m */,
				35CF45E018019C5F006503A3 /* NS2CString.1 */,
				35CF45DE18019C5F006503A3 /* Supporting Files */,
			);
			path = NS2CString;
			sourceTree = "<group>";
		};
		35CF45DE18019C5F006503A3 /* Supporting Files */ = {
			isa = PBXGroup;
			children = (
				35CF45DF18019C5F006503A3 /* NS2CString-Prefix.pch */,
			);
			name = "Supporting Files";
			sourceTree = "<group>";
		};
/* End PBXGroup section */

/* Begin PBXNativeTarget section */
		35CF45D518019C5F006503A3 /* NS2CString */ = {
			isa = PBXNativeTarget;
			buildConfigurationList = 35CF45E418019C5F006503A3 /* Build configuration list for PBXNativeTarget "NS2CString" */;
			buildPhases = (
				35CF45D218019C5F006503A3 /* Sources */,
				35CF45D318019C5F006503A3 /* Frameworks */,
				35CF45D418019C5F006503A3 /* CopyFiles */,
			);
			buildRules = (
			);
			dependencies = (
			);
			name = NS2CString;
			productName = NS2CString;
			productReference = 35CF45D618019C5F006503A3 /* NS2CString */;
			productType = "com.apple.product-type.tool";
		};
/* End PBXNativeTarget section */

/* Begin PBXProject section */
		35CF45CE18019C5F006503A3 /* Project object */ = {
			isa = PBXProject;
			attributes = {
				LastUpgradeCheck = 0500;
				ORGANIZATIONNAME = "Adrian Istrate";
			};
			buildConfigurationList = 35CF45D118019C5F006503A3 /* Build configuration list for PBXProject "NS2CString" */;
			compatibilityVersion = "Xcode 3.2";
			developmentRegion = English;
			hasScannedForEncodings = 0;
			knownRegions = (
				en,
			);
			mainGroup = 35CF45CD18019C5F006503A3;
			productRefGroup = 35CF45D718019C5F006503A3 /* Products */;
			projectDirPath = "";
			projectRoot = "";
			targets = (
				35CF45D518019C5F006503A3 /* NS2CString */,
			);
		};
/* End PBXProject section */

/* Begin PBXSourcesBuildPhase section */
		35CF45D218019C5F006503A3 /* Sources */ = {
			isa = PBXSourcesBuildPhase;
			buildActionMask = 2147483647;
			files = (
				35CF45DD18019C5F006503A3 /* main.m in Sources */,
			);
			runOnlyForDeploymentPostprocessing = 0;
		};
/* End PBXSourcesBuildPhase section */

/* Begin XCBuildConfiguration section */
		35CF45E218019C5F006503A3 /* Debug */ = {
			isa = XCBuildConfiguration;
			buildSettings = {
				ALWAYS_SEARCH_USER_PATHS = NO;
				CLANG_CXX_LANGUAGE_STANDARD = "gnu++0x";
				CLANG_CXX_LIBRARY = "libc++";
				CLANG_ENABLE_OBJC_ARC = YES;
				CLANG_WARN_BOOL_CONVERSION = YES;
				CLANG_WARN_CONSTANT_CONVERSION = YES;
				CLANG_WARN_DIRECT_OBJC_ISA_USAGE = YES_ERROR;
				CLANG_WARN_EMPTY_BODY = YES;
				CLANG_WARN_ENUM_CONVERSION = YES;
				CLANG_WARN_INT_CONVERSION = YES;
				CLANG_WARN_OBJC_ROOT_CLASS = YES_ERROR;
				CLANG_WARN__DUPLICATE_METHOD_MATCH = YES;
				COPY_PHASE_STRIP = NO;
				GCC_C_LANGUAGE_STANDARD = gnu99;
				GCC_DYNAMIC_NO_PIC = NO;
				GCC_ENABLE_OBJC_EXCEPTIONS = YES;
				GCC_OPTIMIZATION_LEVEL = 0;
				GCC_PREPROCESSOR_DEFINITIONS = (
					"DEBUG=1",
					"$(inherited)",
				);
				GCC_SYMBOLS_PRIVATE_EXTERN = NO;
				GCC_WARN_64_TO_32_BIT_CONVERSION = YES;
				GCC_WARN_ABOUT_RETURN_TYPE = YES_ERROR;
				GCC_WARN_UNDECLARED_SELECTOR = YES;
				GCC_WARN_UNINITIALIZED_AUTOS = YES;
				GCC_WARN_UNUSED_FUNCTION = YES;
				GCC_WARN_UNUSED_VARIABLE = YES;
				MACOSX_DEPLOYMENT_TARGET = 10.8;
				ONLY_ACTIVE_ARCH = YES;
				SDKROOT = macosx;
			};
			name = Debug;
		};
		35CF45E318019C5F006503A3 /* Release */ = {
			isa = XCBuildConfiguration;
			buildSettings = {
				ALWAYS_SEARCH_USER_PATHS = NO;
				CLANG_CXX_LANGUAGE_STANDARD = "gnu++0x";
				CLANG_CXX_LIBRARY = "libc++";
				CLANG_ENABLE_OBJC_ARC = YES;
				CLANG_WARN_BOOL_CONVERSION = YES;
				CLANG_WARN_CONSTANT_CONVERSION = YES;
				CLANG_WARN_DIRECT_OBJC_ISA_USAGE = YES_ERROR;
				CLANG_WARN_EMPTY_BODY = YES;
				CLANG_WARN_ENUM_CONVERSION = YES;
				CLANG_WARN_INT_CONVERSION = YES;
				CLANG_WARN_OBJC_ROOT_CLASS = YES_ERROR;
				CLANG_WARN__DUPLICATE_METHOD_MATCH = YES;
				COPY_PHASE_STRIP = YES;
				DEBUG_INFORMATION_FORMAT = "dwarf-with-dsym";
				ENABLE_NS_ASSERTIONS = NO;
				GCC_C_LANGUAGE_STANDARD = gnu99;
				GCC_ENABLE_OBJC_EXCEPTIONS = YES;
				GCC_WARN_64_TO_32_BIT_CONVERSION = YES;
				GCC_WARN_ABOUT_RETURN_TYPE = YES_ERROR;
				GCC_WARN_UNDECLARED_SELECTOR = YES;
				GCC_WARN_UNINITIALIZED_AUTOS = YES;
				GCC_WARN_UNUSED_FUNCTION = YES;
				GCC_WARN_UNUSED_VARIABLE = YES;
				MACOSX_DEPLOYMENT_TARGET = 10.8;
				SDKROOT = macosx;
			};
			name = Release;
		};
		35CF45E518019C5F006503A3 /* Debug */ = {
			isa = XCBuildConfiguration;
			buildSettings = {
				GCC_PRECOMPILE_PREFIX_HEADER = YES;
				GCC_PREFIX_HEADER = "NS2CString/NS2CString-Prefix.pch";
				PRODUCT_NAME = "$(TARGET_NAME)";
			};
			name = Debug;
		};
		35CF45E618019C5F006503A3 /* Release */ = {
			isa = XCBuildConfiguration;
			buildSettings = {
				GCC_PRECOMPILE_PREFIX_HEADER = YES;
				GCC_PREFIX_HEADER = "NS2CString/NS2CString-Prefix.pch";
				PRODUCT_NAME = "$(TARGET_NAME)";
			};
			name = Release;
		};
/* End XCBuildConfiguration section */

/* Begin XCConfigurationList section */
		35CF45D118019C5F006503A3 /* Build configuration list for PBXProject "NS2CString" */ = {
			isa = XCConfigurationList;
			buildConfigurations = (
				35CF45E218019C5F006503A3 /* Debug */,
				35CF45E318019C5F006503A3 /* Release */,
			);
			defaultConfigurationIsVisible = 0;
			defaultConfigurationName = Release;
		};
		35CF45E418019C5F006503A3 /* Build configuration list for PBXNativeTarget "NS2CString" */ = {
			isa = XCConfigurationList;
			buildConfigurations = (
				35CF45E518019C5F006503A3 /* Debug */,
				35CF45E618019C5F006503A3 /* Release */,
			);
			defaultConfigurationIsVisible = 0;
		};
/* End XCConfigurationList section */
	};
	rootObject = 35CF45CE18019C5F006503A3 /* Project object */;
}
