// !$*UTF8*$!
{
	archiveVersion = 1;
	classes = {
	};
	objectVersion = 46;
	objects = {

/* Begin PBXBuildFile section */
		3543084317F9AF67007B64E8 /* main.c in Sources */ = {isa = PBXBuildFile; fileRef = 3543084217F9AF67007B64E8 /* main.c */; };
		3543084517F9AF67007B64E8 /* PBR.1 in CopyFiles */ = {isa = PBXBuildFile; fileRef = 3543084417F9AF67007B64E8 /* PBR.1 */; };
/* End PBXBuildFile section */

/* Begin PBXCopyFilesBuildPhase section */
		3543083D17F9AF67007B64E8 /* CopyFiles */ = {
			isa = PBXCopyFilesBuildPhase;
			buildActionMask = 2147483647;
			dstPath = /usr/share/man/man1/;
			dstSubfolderSpec = 0;
			files = (
				3543084517F9AF67007B64E8 /* PBR.1 in CopyFiles */,
			);
			runOnlyForDeploymentPostprocessing = 1;
		};
/* End PBXCopyFilesBuildPhase section */

/* Begin PBXFileReference section */
		3543083F17F9AF67007B64E8 /* PBR */ = {isa = PBXFileReference; explicitFileType = "compiled.mach-o.executable"; includeInIndex = 0; path = PBR; sourceTree = BUILT_PRODUCTS_DIR; };
		3543084217F9AF67007B64E8 /* main.c */ = {isa = PBXFileReference; lastKnownFileType = sourcecode.c.c; path = main.c; sourceTree = "<group>"; };
		3543084417F9AF67007B64E8 /* PBR.1 */ = {isa = PBXFileReference; lastKnownFileType = text.man; path = PBR.1; sourceTree = "<group>"; };
/* End PBXFileReference section */

/* Begin PBXFrameworksBuildPhase section */
		3543083C17F9AF67007B64E8 /* Frameworks */ = {
			isa = PBXFrameworksBuildPhase;
			buildActionMask = 2147483647;
			files = (
			);
			runOnlyForDeploymentPostprocessing = 0;
		};
/* End PBXFrameworksBuildPhase section */

/* Begin PBXGroup section */
		3543083617F9AF67007B64E8 = {
			isa = PBXGroup;
			children = (
				3543084117F9AF67007B64E8 /* PBR */,
				3543084017F9AF67007B64E8 /* Products */,
			);
			sourceTree = "<group>";
		};
		3543084017F9AF67007B64E8 /* Products */ = {
			isa = PBXGroup;
			children = (
				3543083F17F9AF67007B64E8 /* PBR */,
			);
			name = Products;
			sourceTree = "<group>";
		};
		3543084117F9AF67007B64E8 /* PBR */ = {
			isa = PBXGroup;
			children = (
				3543084217F9AF67007B64E8 /* main.c */,
				3543084417F9AF67007B64E8 /* PBR.1 */,
			);
			path = PBR;
			sourceTree = "<group>";
		};
/* End PBXGroup section */

/* Begin PBXNativeTarget section */
		3543083E17F9AF67007B64E8 /* PBR */ = {
			isa = PBXNativeTarget;
			buildConfigurationList = 3543084817F9AF67007B64E8 /* Build configuration list for PBXNativeTarget "PBR" */;
			buildPhases = (
				3543083B17F9AF67007B64E8 /* Sources */,
				3543083C17F9AF67007B64E8 /* Frameworks */,
				3543083D17F9AF67007B64E8 /* CopyFiles */,
			);
			buildRules = (
			);
			dependencies = (
			);
			name = PBR;
			productName = PBR;
			productReference = 3543083F17F9AF67007B64E8 /* PBR */;
			productType = "com.apple.product-type.tool";
		};
/* End PBXNativeTarget section */

/* Begin PBXProject section */
		3543083717F9AF67007B64E8 /* Project object */ = {
			isa = PBXProject;
			attributes = {
				LastUpgradeCheck = 0500;
				ORGANIZATIONNAME = "Adrian Istrate";
			};
			buildConfigurationList = 3543083A17F9AF67007B64E8 /* Build configuration list for PBXProject "PBR" */;
			compatibilityVersion = "Xcode 3.2";
			developmentRegion = English;
			hasScannedForEncodings = 0;
			knownRegions = (
				en,
			);
			mainGroup = 3543083617F9AF67007B64E8;
			productRefGroup = 3543084017F9AF67007B64E8 /* Products */;
			projectDirPath = "";
			projectRoot = "";
			targets = (
				3543083E17F9AF67007B64E8 /* PBR */,
			);
		};
/* End PBXProject section */

/* Begin PBXSourcesBuildPhase section */
		3543083B17F9AF67007B64E8 /* Sources */ = {
			isa = PBXSourcesBuildPhase;
			buildActionMask = 2147483647;
			files = (
				3543084317F9AF67007B64E8 /* main.c in Sources */,
			);
			runOnlyForDeploymentPostprocessing = 0;
		};
/* End PBXSourcesBuildPhase section */

/* Begin XCBuildConfiguration section */
		3543084617F9AF67007B64E8 /* Debug */ = {
			isa = XCBuildConfiguration;
			buildSettings = {
				ALWAYS_SEARCH_USER_PATHS = NO;
				CLANG_CXX_LANGUAGE_STANDARD = "gnu++0x";
				CLANG_CXX_LIBRARY = "libc++";
				CLANG_ENABLE_OBJC_ARC = YES;
				CLANG_WARN_BOOL_CONVERSION = YES;
				CLANG_WARN_CONSTANT_CONVERSION = YES;
				CLANG_WARN_DIRECT_OBJC_ISA_USAGE = YES_ERROR;
				CLANG_WARN_EMPTY_BODY = YES;
				CLANG_WARN_ENUM_CONVERSION = YES;
				CLANG_WARN_INT_CONVERSION = YES;
				CLANG_WARN_OBJC_ROOT_CLASS = YES_ERROR;
				CLANG_WARN__DUPLICATE_METHOD_MATCH = YES;
				COPY_PHASE_STRIP = NO;
				GCC_C_LANGUAGE_STANDARD = gnu99;
				GCC_DYNAMIC_NO_PIC = NO;
				GCC_ENABLE_OBJC_EXCEPTIONS = YES;
				GCC_OPTIMIZATION_LEVEL = 0;
				GCC_PREPROCESSOR_DEFINITIONS = (
					"DEBUG=1",
					"$(inherited)",
				);
				GCC_SYMBOLS_PRIVATE_EXTERN = NO;
				GCC_WARN_64_TO_32_BIT_CONVERSION = YES;
				GCC_WARN_ABOUT_RETURN_TYPE = YES_ERROR;
				GCC_WARN_UNDECLARED_SELECTOR = YES;
				GCC_WARN_UNINITIALIZED_AUTOS = YES;
				GCC_WARN_UNUSED_FUNCTION = YES;
				GCC_WARN_UNUSED_VARIABLE = YES;
				MACOSX_DEPLOYMENT_TARGET = 10.8;
				ONLY_ACTIVE_ARCH = YES;
				SDKROOT = macosx;
			};
			name = Debug;
		};
		3543084717F9AF67007B64E8 /* Release */ = {
			isa = XCBuildConfiguration;
			buildSettings = {
				ALWAYS_SEARCH_USER_PATHS = NO;
				CLANG_CXX_LANGUAGE_STANDARD = "gnu++0x";
				CLANG_CXX_LIBRARY = "libc++";
				CLANG_ENABLE_OBJC_ARC = YES;
				CLANG_WARN_BOOL_CONVERSION = YES;
				CLANG_WARN_CONSTANT_CONVERSION = YES;
				CLANG_WARN_DIRECT_OBJC_ISA_USAGE = YES_ERROR;
				CLANG_WARN_EMPTY_BODY = YES;
				CLANG_WARN_ENUM_CONVERSION = YES;
				CLANG_WARN_INT_CONVERSION = YES;
				CLANG_WARN_OBJC_ROOT_CLASS = YES_ERROR;
				CLANG_WARN__DUPLICATE_METHOD_MATCH = YES;
				COPY_PHASE_STRIP = YES;
				DEBUG_INFORMATION_FORMAT = "dwarf-with-dsym";
				ENABLE_NS_ASSERTIONS = NO;
				GCC_C_LANGUAGE_STANDARD = gnu99;
				GCC_ENABLE_OBJC_EXCEPTIONS = YES;
				GCC_WARN_64_TO_32_BIT_CONVERSION = YES;
				GCC_WARN_ABOUT_RETURN_TYPE = YES_ERROR;
				GCC_WARN_UNDECLARED_SELECTOR = YES;
				GCC_WARN_UNINITIALIZED_AUTOS = YES;
				GCC_WARN_UNUSED_FUNCTION = YES;
				GCC_WARN_UNUSED_VARIABLE = YES;
				MACOSX_DEPLOYMENT_TARGET = 10.8;
				SDKROOT = macosx;
			};
			name = Release;
		};
		3543084917F9AF67007B64E8 /* Debug */ = {
			isa = XCBuildConfiguration;
			buildSettings = {
				PRODUCT_NAME = "$(TARGET_NAME)";
			};
			name = Debug;
		};
		3543084A17F9AF67007B64E8 /* Release */ = {
			isa = XCBuildConfiguration;
			buildSettings = {
				PRODUCT_NAME = "$(TARGET_NAME)";
			};
			name = Release;
		};
/* End XCBuildConfiguration section */

/* Begin XCConfigurationList section */
		3543083A17F9AF67007B64E8 /* Build configuration list for PBXProject "PBR" */ = {
			isa = XCConfigurationList;
			buildConfigurations = (
				3543084617F9AF67007B64E8 /* Debug */,
				3543084717F9AF67007B64E8 /* Release */,
			);
			defaultConfigurationIsVisible = 0;
			defaultConfigurationName = Release;
		};
		3543084817F9AF67007B64E8 /* Build configuration list for PBXNativeTarget "PBR" */ = {
			isa = XCConfigurationList;
			buildConfigurations = (
				3543084917F9AF67007B64E8 /* Debug */,
				3543084A17F9AF67007B64E8 /* Release */,
			);
			defaultConfigurationIsVisible = 0;
		};
/* End XCConfigurationList section */
	};
	rootObject = 3543083717F9AF67007B64E8 /* Project object */;
}
