// !$*UTF8*$!
{
	archiveVersion = 1;
	classes = {
	};
	objectVersion = 46;
	objects = {

/* Begin PBXBuildFile section */
		3516CA4C18009C5100576D66 /* Foundation.framework in Frameworks */ = {isa = PBXBuildFile; fileRef = 3516CA4B18009C5100576D66 /* Foundation.framework */; };
		3516CA4F18009C5100576D66 /* main.m in Sources */ = {isa = PBXBuildFile; fileRef = 3516CA4E18009C5100576D66 /* main.m */; };
		3516CA5318009C5100576D66 /* BlockTest.1 in CopyFiles */ = {isa = PBXBuildFile; fileRef = 3516CA5218009C5100576D66 /* BlockTest.1 */; };
/* End PBXBuildFile section */

/* Begin PBXCopyFilesBuildPhase section */
		3516CA4618009C5100576D66 /* CopyFiles */ = {
			isa = PBXCopyFilesBuildPhase;
			buildActionMask = 2147483647;
			dstPath = /usr/share/man/man1/;
			dstSubfolderSpec = 0;
			files = (
				3516CA5318009C5100576D66 /* BlockTest.1 in CopyFiles */,
			);
			runOnlyForDeploymentPostprocessing = 1;
		};
/* End PBXCopyFilesBuildPhase section */

/* Begin PBXFileReference section */
		3516CA4818009C5100576D66 /* BlockTest */ = {isa = PBXFileReference; explicitFileType = "compiled.mach-o.executable"; includeInIndex = 0; path = BlockTest; sourceTree = BUILT_PRODUCTS_DIR; };
		3516CA4B18009C5100576D66 /* Foundation.framework */ = {isa = PBXFileReference; lastKnownFileType = wrapper.framework; name = Foundation.framework; path = System/Library/Frameworks/Foundation.framework; sourceTree = SDKROOT; };
		3516CA4E18009C5100576D66 /* main.m */ = {isa = PBXFileReference; lastKnownFileType = sourcecode.c.objc; path = main.m; sourceTree = "<group>"; };
		3516CA5118009C5100576D66 /* BlockTest-Prefix.pch */ = {isa = PBXFileReference; lastKnownFileType = sourcecode.c.h; path = "BlockTest-Prefix.pch"; sourceTree = "<group>"; };
		3516CA5218009C5100576D66 /* BlockTest.1 */ = {isa = PBXFileReference; lastKnownFileType = text.man; path = BlockTest.1; sourceTree = "<group>"; };
/* End PBXFileReference section */

/* Begin PBXFrameworksBuildPhase section */
		3516CA4518009C5100576D66 /* Frameworks */ = {
			isa = PBXFrameworksBuildPhase;
			buildActionMask = 2147483647;
			files = (
				3516CA4C18009C5100576D66 /* Foundation.framework in Frameworks */,
			);
			runOnlyForDeploymentPostprocessing = 0;
		};
/* End PBXFrameworksBuildPhase section */

/* Begin PBXGroup section */
		3516CA3F18009C5100576D66 = {
			isa = PBXGroup;
			children = (
				3516CA4D18009C5100576D66 /* BlockTest */,
				3516CA4A18009C5100576D66 /* Frameworks */,
				3516CA4918009C5100576D66 /* Products */,
			);
			sourceTree = "<group>";
		};
		3516CA4918009C5100576D66 /* Products */ = {
			isa = PBXGroup;
			children = (
				3516CA4818009C5100576D66 /* BlockTest */,
			);
			name = Products;
			sourceTree = "<group>";
		};
		3516CA4A18009C5100576D66 /* Frameworks */ = {
			isa = PBXGroup;
			children = (
				3516CA4B18009C5100576D66 /* Foundation.framework */,
			);
			name = Frameworks;
			sourceTree = "<group>";
		};
		3516CA4D18009C5100576D66 /* BlockTest */ = {
			isa = PBXGroup;
			children = (
				3516CA4E18009C5100576D66 /* main.m */,
				3516CA5218009C5100576D66 /* BlockTest.1 */,
				3516CA5018009C5100576D66 /* Supporting Files */,
			);
			path = BlockTest;
			sourceTree = "<group>";
		};
		3516CA5018009C5100576D66 /* Supporting Files */ = {
			isa = PBXGroup;
			children = (
				3516CA5118009C5100576D66 /* BlockTest-Prefix.pch */,
			);
			name = "Supporting Files";
			sourceTree = "<group>";
		};
/* End PBXGroup section */

/* Begin PBXNativeTarget section */
		3516CA4718009C5100576D66 /* BlockTest */ = {
			isa = PBXNativeTarget;
			buildConfigurationList = 3516CA5618009C5100576D66 /* Build configuration list for PBXNativeTarget "BlockTest" */;
			buildPhases = (
				3516CA4418009C5100576D66 /* Sources */,
				3516CA4518009C5100576D66 /* Frameworks */,
				3516CA4618009C5100576D66 /* CopyFiles */,
			);
			buildRules = (
			);
			dependencies = (
			);
			name = BlockTest;
			productName = BlockTest;
			productReference = 3516CA4818009C5100576D66 /* BlockTest */;
			productType = "com.apple.product-type.tool";
		};
/* End PBXNativeTarget section */

/* Begin PBXProject section */
		3516CA4018009C5100576D66 /* Project object */ = {
			isa = PBXProject;
			attributes = {
				LastUpgradeCheck = 0500;
				ORGANIZATIONNAME = "Adrian Istrate";
			};
			buildConfigurationList = 3516CA4318009C5100576D66 /* Build configuration list for PBXProject "BlockTest" */;
			compatibilityVersion = "Xcode 3.2";
			developmentRegion = English;
			hasScannedForEncodings = 0;
			knownRegions = (
				en,
			);
			mainGroup = 3516CA3F18009C5100576D66;
			productRefGroup = 3516CA4918009C5100576D66 /* Products */;
			projectDirPath = "";
			projectRoot = "";
			targets = (
				3516CA4718009C5100576D66 /* BlockTest */,
			);
		};
/* End PBXProject section */

/* Begin PBXSourcesBuildPhase section */
		3516CA4418009C5100576D66 /* Sources */ = {
			isa = PBXSourcesBuildPhase;
			buildActionMask = 2147483647;
			files = (
				3516CA4F18009C5100576D66 /* main.m in Sources */,
			);
			runOnlyForDeploymentPostprocessing = 0;
		};
/* End PBXSourcesBuildPhase section */

/* Begin XCBuildConfiguration section */
		3516CA5418009C5100576D66 /* Debug */ = {
			isa = XCBuildConfiguration;
			buildSettings = {
				ALWAYS_SEARCH_USER_PATHS = NO;
				CLANG_CXX_LANGUAGE_STANDARD = "gnu++0x";
				CLANG_CXX_LIBRARY = "libc++";
				CLANG_ENABLE_OBJC_ARC = YES;
				CLANG_WARN_BOOL_CONVERSION = YES;
				CLANG_WARN_CONSTANT_CONVERSION = YES;
				CLANG_WARN_DIRECT_OBJC_ISA_USAGE = YES_ERROR;
				CLANG_WARN_EMPTY_BODY = YES;
				CLANG_WARN_ENUM_CONVERSION = YES;
				CLANG_WARN_INT_CONVERSION = YES;
				CLANG_WARN_OBJC_ROOT_CLASS = YES_ERROR;
				CLANG_WARN__DUPLICATE_METHOD_MATCH = YES;
				COPY_PHASE_STRIP = NO;
				GCC_C_LANGUAGE_STANDARD = gnu99;
				GCC_DYNAMIC_NO_PIC = NO;
				GCC_ENABLE_OBJC_EXCEPTIONS = YES;
				GCC_OPTIMIZATION_LEVEL = 0;
				GCC_PREPROCESSOR_DEFINITIONS = (
					"DEBUG=1",
					"$(inherited)",
				);
				GCC_SYMBOLS_PRIVATE_EXTERN = NO;
				GCC_WARN_64_TO_32_BIT_CONVERSION = YES;
				GCC_WARN_ABOUT_RETURN_TYPE = YES_ERROR;
				GCC_WARN_UNDECLARED_SELECTOR = YES;
				GCC_WARN_UNINITIALIZED_AUTOS = YES;
				GCC_WARN_UNUSED_FUNCTION = YES;
				GCC_WARN_UNUSED_VARIABLE = YES;
				MACOSX_DEPLOYMENT_TARGET = 10.8;
				ONLY_ACTIVE_ARCH = YES;
				SDKROOT = macosx;
			};
			name = Debug;
		};
		3516CA5518009C5100576D66 /* Release */ = {
			isa = XCBuildConfiguration;
			buildSettings = {
				ALWAYS_SEARCH_USER_PATHS = NO;
				CLANG_CXX_LANGUAGE_STANDARD = "gnu++0x";
				CLANG_CXX_LIBRARY = "libc++";
				CLANG_ENABLE_OBJC_ARC = YES;
				CLANG_WARN_BOOL_CONVERSION = YES;
				CLANG_WARN_CONSTANT_CONVERSION = YES;
				CLANG_WARN_DIRECT_OBJC_ISA_USAGE = YES_ERROR;
				CLANG_WARN_EMPTY_BODY = YES;
				CLANG_WARN_ENUM_CONVERSION = YES;
				CLANG_WARN_INT_CONVERSION = YES;
				CLANG_WARN_OBJC_ROOT_CLASS = YES_ERROR;
				CLANG_WARN__DUPLICATE_METHOD_MATCH = YES;
				COPY_PHASE_STRIP = YES;
				DEBUG_INFORMATION_FORMAT = "dwarf-with-dsym";
				ENABLE_NS_ASSERTIONS = NO;
				GCC_C_LANGUAGE_STANDARD = gnu99;
				GCC_ENABLE_OBJC_EXCEPTIONS = YES;
				GCC_WARN_64_TO_32_BIT_CONVERSION = YES;
				GCC_WARN_ABOUT_RETURN_TYPE = YES_ERROR;
				GCC_WARN_UNDECLARED_SELECTOR = YES;
				GCC_WARN_UNINITIALIZED_AUTOS = YES;
				GCC_WARN_UNUSED_FUNCTION = YES;
				GCC_WARN_UNUSED_VARIABLE = YES;
				MACOSX_DEPLOYMENT_TARGET = 10.8;
				SDKROOT = macosx;
			};
			name = Release;
		};
		3516CA5718009C5100576D66 /* Debug */ = {
			isa = XCBuildConfiguration;
			buildSettings = {
				GCC_PRECOMPILE_PREFIX_HEADER = YES;
				GCC_PREFIX_HEADER = "BlockTest/BlockTest-Prefix.pch";
				PRODUCT_NAME = "$(TARGET_NAME)";
			};
			name = Debug;
		};
		3516CA5818009C5100576D66 /* Release */ = {
			isa = XCBuildConfiguration;
			buildSettings = {
				GCC_PRECOMPILE_PREFIX_HEADER = YES;
				GCC_PREFIX_HEADER = "BlockTest/BlockTest-Prefix.pch";
				PRODUCT_NAME = "$(TARGET_NAME)";
			};
			name = Release;
		};
/* End XCBuildConfiguration section */

/* Begin XCConfigurationList section */
		3516CA4318009C5100576D66 /* Build configuration list for PBXProject "BlockTest" */ = {
			isa = XCConfigurationList;
			buildConfigurations = (
				3516CA5418009C5100576D66 /* Debug */,
				3516CA5518009C5100576D66 /* Release */,
			);
			defaultConfigurationIsVisible = 0;
			defaultConfigurationName = Release;
		};
		3516CA5618009C5100576D66 /* Build configuration list for PBXNativeTarget "BlockTest" */ = {
			isa = XCConfigurationList;
			buildConfigurations = (
				3516CA5718009C5100576D66 /* Debug */,
				3516CA5818009C5100576D66 /* Release */,
			);
			defaultConfigurationIsVisible = 0;
		};
/* End XCConfigurationList section */
	};
	rootObject = 3516CA4018009C5100576D66 /* Project object */;
}
